// !$*UTF8*$!
{
	archiveVersion = 1;
	classes = {
	};
	objectVersion = 56;
	objects = {

/* Begin PBXBuildFile section */
		C7BDA1E32B85E99000503C23 /* AppDelegate.swift in Sources */ = {isa = PBXBuildFile; fileRef = C7BDA1E22B85E99000503C23 /* AppDelegate.swift */; };
		C7BDA1E52B85E99000503C23 /* SceneDelegate.swift in Sources */ = {isa = PBXBuildFile; fileRef = C7BDA1E42B85E99000503C23 /* SceneDelegate.swift */; };
		C7BDA1E72B85E99000503C23 /* ViewController.swift in Sources */ = {isa = PBXBuildFile; fileRef = C7BDA1E62B85E99000503C23 /* ViewController.swift */; };
		C7BDA1EA2B85E99000503C23 /* Main.storyboard in Resources */ = {isa = PBXBuildFile; fileRef = C7BDA1E82B85E99000503C23 /* Main.storyboard */; };
		C7BDA1EC2B85E99200503C23 /* Assets.xcassets in Resources */ = {isa = PBXBuildFile; fileRef = C7BDA1EB2B85E99200503C23 /* Assets.xcassets */; };
		C7BDA1EF2B85E99200503C23 /* LaunchScreen.storyboard in Resources */ = {isa = PBXBuildFile; fileRef = C7BDA1ED2B85E99200503C23 /* LaunchScreen.storyboard */; };
		C7BDA1FA2B85E99200503C23 /* video_playerTests.swift in Sources */ = {isa = PBXBuildFile; fileRef = C7BDA1F92B85E99200503C23 /* video_playerTests.swift */; };
		C7BDA2042B85E99200503C23 /* video_playerUITests.swift in Sources */ = {isa = PBXBuildFile; fileRef = C7BDA2032B85E99200503C23 /* video_playerUITests.swift */; };
		C7BDA2062B85E99200503C23 /* video_playerUITestsLaunchTests.swift in Sources */ = {isa = PBXBuildFile; fileRef = C7BDA2052B85E99200503C23 /* video_playerUITestsLaunchTests.swift */; };
		C7BDA2152B85F11B00503C23 /* me0.MOV in Resources */ = {isa = PBXBuildFile; fileRef = C7BDA2142B85F11B00503C23 /* me0.MOV */; };
		C7BDA2172B86037C00503C23 /* main.storyboard in Resources */ = {isa = PBXBuildFile; fileRef = C7BDA2162B86037C00503C23 /* main.storyboard */; };
/* End PBXBuildFile section */

/* Begin PBXContainerItemProxy section */
		C7BDA1F62B85E99200503C23 /* PBXContainerItemProxy */ = {
			isa = PBXContainerItemProxy;
			containerPortal = C7BDA1D72B85E99000503C23 /* Project object */;
			proxyType = 1;
			remoteGlobalIDString = C7BDA1DE2B85E99000503C23;
			remoteInfo = video_player;
		};
		C7BDA2002B85E99200503C23 /* PBXContainerItemProxy */ = {
			isa = PBXContainerItemProxy;
			containerPortal = C7BDA1D72B85E99000503C23 /* Project object */;
			proxyType = 1;
			remoteGlobalIDString = C7BDA1DE2B85E99000503C23;
			remoteInfo = video_player;
		};
/* End PBXContainerItemProxy section */

/* Begin PBXFileReference section */
		C7BDA1DF2B85E99000503C23 /* video_player.app */ = {isa = PBXFileReference; explicitFileType = wrapper.application; includeInIndex = 0; path = video_player.app; sourceTree = BUILT_PRODUCTS_DIR; };
		C7BDA1E22B85E99000503C23 /* AppDelegate.swift */ = {isa = PBXFileReference; lastKnownFileType = sourcecode.swift; path = AppDelegate.swift; sourceTree = "<group>"; };
		C7BDA1E42B85E99000503C23 /* SceneDelegate.swift */ = {isa = PBXFileReference; lastKnownFileType = sourcecode.swift; path = SceneDelegate.swift; sourceTree = "<group>"; };
		C7BDA1E62B85E99000503C23 /* ViewController.swift */ = {isa = PBXFileReference; lastKnownFileType = sourcecode.swift; path = ViewController.swift; sourceTree = "<group>"; };
		C7BDA1E92B85E99000503C23 /* Base */ = {isa = PBXFileReference; lastKnownFileType = file.storyboard; name = Base; path = Base.lproj/Main.storyboard; sourceTree = "<group>"; };
		C7BDA1EB2B85E99200503C23 /* Assets.xcassets */ = {isa = PBXFileReference; lastKnownFileType = folder.assetcatalog; path = Assets.xcassets; sourceTree = "<group>"; };
		C7BDA1EE2B85E99200503C23 /* Base */ = {isa = PBXFileReference; lastKnownFileType = file.storyboard; name = Base; path = Base.lproj/LaunchScreen.storyboard; sourceTree = "<group>"; };
		C7BDA1F02B85E99200503C23 /* Info.plist */ = {isa = PBXFileReference; lastKnownFileType = text.plist.xml; path = Info.plist; sourceTree = "<group>"; };
		C7BDA1F52B85E99200503C23 /* video_playerTests.xctest */ = {isa = PBXFileReference; explicitFileType = wrapper.cfbundle; includeInIndex = 0; path = video_playerTests.xctest; sourceTree = BUILT_PRODUCTS_DIR; };
		C7BDA1F92B85E99200503C23 /* video_playerTests.swift */ = {isa = PBXFileReference; lastKnownFileType = sourcecode.swift; path = video_playerTests.swift; sourceTree = "<group>"; };
		C7BDA1FF2B85E99200503C23 /* video_playerUITests.xctest */ = {isa = PBXFileReference; explicitFileType = wrapper.cfbundle; includeInIndex = 0; path = video_playerUITests.xctest; sourceTree = BUILT_PRODUCTS_DIR; };
		C7BDA2032B85E99200503C23 /* video_playerUITests.swift */ = {isa = PBXFileReference; lastKnownFileType = sourcecode.swift; path = video_playerUITests.swift; sourceTree = "<group>"; };
		C7BDA2052B85E99200503C23 /* video_playerUITestsLaunchTests.swift */ = {isa = PBXFileReference; lastKnownFileType = sourcecode.swift; path = video_playerUITestsLaunchTests.swift; sourceTree = "<group>"; };
		C7BDA2142B85F11B00503C23 /* me0.MOV */ = {isa = PBXFileReference; lastKnownFileType = video.quicktime; path = me0.MOV; sourceTree = "<group>"; };
		C7BDA2162B86037C00503C23 /* main.storyboard */ = {isa = PBXFileReference; lastKnownFileType = file.storyboard; path = main.storyboard; sourceTree = "<group>"; };
/* End PBXFileReference section */

/* Begin PBXFrameworksBuildPhase section */
		C7BDA1DC2B85E99000503C23 /* Frameworks */ = {
			isa = PBXFrameworksBuildPhase;
			buildActionMask = 2147483647;
			files = (
			);
			runOnlyForDeploymentPostprocessing = 0;
		};
		C7BDA1F22B85E99200503C23 /* Frameworks */ = {
			isa = PBXFrameworksBuildPhase;
			buildActionMask = 2147483647;
			files = (
			);
			runOnlyForDeploymentPostprocessing = 0;
		};
		C7BDA1FC2B85E99200503C23 /* Frameworks */ = {
			isa = PBXFrameworksBuildPhase;
			buildActionMask = 2147483647;
			files = (
			);
			runOnlyForDeploymentPostprocessing = 0;
		};
/* End PBXFrameworksBuildPhase section */

/* Begin PBXGroup section */
		C7BDA1D62B85E99000503C23 = {
			isa = PBXGroup;
			children = (
				C7BDA1E12B85E99000503C23 /* video_player */,
				C7BDA1F82B85E99200503C23 /* video_playerTests */,
				C7BDA2022B85E99200503C23 /* video_playerUITests */,
				C7BDA1E02B85E99000503C23 /* Products */,
			);
			sourceTree = "<group>";
		};
		C7BDA1E02B85E99000503C23 /* Products */ = {
			isa = PBXGroup;
			children = (
				C7BDA1DF2B85E99000503C23 /* video_player.app */,
				C7BDA1F52B85E99200503C23 /* video_playerTests.xctest */,
				C7BDA1FF2B85E99200503C23 /* video_playerUITests.xctest */,
			);
			name = Products;
			sourceTree = "<group>";
		};
		C7BDA1E12B85E99000503C23 /* video_player */ = {
			isa = PBXGroup;
			children = (
				C7BDA2142B85F11B00503C23 /* me0.MOV */,
				C7BDA1E22B85E99000503C23 /* AppDelegate.swift */,
				C7BDA1E42B85E99000503C23 /* SceneDelegate.swift */,
				C7BDA1E62B85E99000503C23 /* ViewController.swift */,
				C7BDA1E82B85E99000503C23 /* Main.storyboard */,
				C7BDA1EB2B85E99200503C23 /* Assets.xcassets */,
				C7BDA1ED2B85E99200503C23 /* LaunchScreen.storyboard */,
				C7BDA1F02B85E99200503C23 /* Info.plist */,
				C7BDA2162B86037C00503C23 /* main.storyboard */,
			);
			path = video_player;
			sourceTree = "<group>";
		};
		C7BDA1F82B85E99200503C23 /* video_playerTests */ = {
			isa = PBXGroup;
			children = (
				C7BDA1F92B85E99200503C23 /* video_playerTests.swift */,
			);
			path = video_playerTests;
			sourceTree = "<group>";
		};
		C7BDA2022B85E99200503C23 /* video_playerUITests */ = {
			isa = PBXGroup;
			children = (
				C7BDA2032B85E99200503C23 /* video_playerUITests.swift */,
				C7BDA2052B85E99200503C23 /* video_playerUITestsLaunchTests.swift */,
			);
			path = video_playerUITests;
			sourceTree = "<group>";
		};
/* End PBXGroup section */

/* Begin PBXNativeTarget section */
		C7BDA1DE2B85E99000503C23 /* video_player */ = {
			isa = PBXNativeTarget;
			buildConfigurationList = C7BDA2092B85E99200503C23 /* Build configuration list for PBXNativeTarget "video_player" */;
			buildPhases = (
				C7BDA1DB2B85E99000503C23 /* Sources */,
				C7BDA1DC2B85E99000503C23 /* Frameworks */,
				C7BDA1DD2B85E99000503C23 /* Resources */,
			);
			buildRules = (
			);
			dependencies = (
			);
			name = video_player;
			productName = video_player;
			productReference = C7BDA1DF2B85E99000503C23 /* video_player.app */;
			productType = "com.apple.product-type.application";
		};
		C7BDA1F42B85E99200503C23 /* video_playerTests */ = {
			isa = PBXNativeTarget;
			buildConfigurationList = C7BDA20C2B85E99200503C23 /* Build configuration list for PBXNativeTarget "video_playerTests" */;
			buildPhases = (
				C7BDA1F12B85E99200503C23 /* Sources */,
				C7BDA1F22B85E99200503C23 /* Frameworks */,
				C7BDA1F32B85E99200503C23 /* Resources */,
			);
			buildRules = (
			);
			dependencies = (
				C7BDA1F72B85E99200503C23 /* PBXTargetDependency */,
			);
			name = video_playerTests;
			productName = video_playerTests;
			productReference = C7BDA1F52B85E99200503C23 /* video_playerTests.xctest */;
			productType = "com.apple.product-type.bundle.unit-test";
		};
		C7BDA1FE2B85E99200503C23 /* video_playerUITests */ = {
			isa = PBXNativeTarget;
			buildConfigurationList = C7BDA20F2B85E99200503C23 /* Build configuration list for PBXNativeTarget "video_playerUITests" */;
			buildPhases = (
				C7BDA1FB2B85E99200503C23 /* Sources */,
				C7BDA1FC2B85E99200503C23 /* Frameworks */,
				C7BDA1FD2B85E99200503C23 /* Resources */,
			);
			buildRules = (
			);
			dependencies = (
				C7BDA2012B85E99200503C23 /* PBXTargetDependency */,
			);
			name = video_playerUITests;
			productName = video_playerUITests;
			productReference = C7BDA1FF2B85E99200503C23 /* video_playerUITests.xctest */;
			productType = "com.apple.product-type.bundle.ui-testing";
		};
/* End PBXNativeTarget section */

/* Begin PBXProject section */
		C7BDA1D72B85E99000503C23 /* Project object */ = {
			isa = PBXProject;
			attributes = {
				BuildIndependentTargetsInParallel = 1;
				LastSwiftUpdateCheck = 1520;
				LastUpgradeCheck = 1520;
				TargetAttributes = {
					C7BDA1DE2B85E99000503C23 = {
						CreatedOnToolsVersion = 15.2;
					};
					C7BDA1F42B85E99200503C23 = {
						CreatedOnToolsVersion = 15.2;
						TestTargetID = C7BDA1DE2B85E99000503C23;
					};
					C7BDA1FE2B85E99200503C23 = {
						CreatedOnToolsVersion = 15.2;
						TestTargetID = C7BDA1DE2B85E99000503C23;
					};
				};
			};
			buildConfigurationList = C7BDA1DA2B85E99000503C23 /* Build configuration list for PBXProject "video_player" */;
			compatibilityVersion = "Xcode 14.0";
			developmentRegion = en;
			hasScannedForEncodings = 0;
			knownRegions = (
				en,
				Base,
			);
			mainGroup = C7BDA1D62B85E99000503C23;
			productRefGroup = C7BDA1E02B85E99000503C23 /* Products */;
			projectDirPath = "";
			projectRoot = "";
			targets = (
				C7BDA1DE2B85E99000503C23 /* video_player */,
				C7BDA1F42B85E99200503C23 /* video_playerTests */,
				C7BDA1FE2B85E99200503C23 /* video_playerUITests */,
			);
		};
/* End PBXProject section */

/* Begin PBXResourcesBuildPhase section */
		C7BDA1DD2B85E99000503C23 /* Resources */ = {
			isa = PBXResourcesBuildPhase;
			buildActionMask = 2147483647;
			files = (
				C7BDA2172B86037C00503C23 /* main.storyboard in Resources */,
				C7BDA1EF2B85E99200503C23 /* LaunchScreen.storyboard in Resources */,
				C7BDA2152B85F11B00503C23 /* me0.MOV in Resources */,
				C7BDA1EC2B85E99200503C23 /* Assets.xcassets in Resources */,
				C7BDA1EA2B85E99000503C23 /* Main.storyboard in Resources */,
			);
			runOnlyForDeploymentPostprocessing = 0;
		};
		C7BDA1F32B85E99200503C23 /* Resources */ = {
			isa = PBXResourcesBuildPhase;
			buildActionMask = 2147483647;
			files = (
			);
			runOnlyForDeploymentPostprocessing = 0;
		};
		C7BDA1FD2B85E99200503C23 /* Resources */ = {
			isa = PBXResourcesBuildPhase;
			buildActionMask = 2147483647;
			files = (
			);
			runOnlyForDeploymentPostprocessing = 0;
		};
/* End PBXResourcesBuildPhase section */

/* Begin PBXSourcesBuildPhase section */
		C7BDA1DB2B85E99000503C23 /* Sources */ = {
			isa = PBXSourcesBuildPhase;
			buildActionMask = 2147483647;
			files = (
				C7BDA1E72B85E99000503C23 /* ViewController.swift in Sources */,
				C7BDA1E32B85E99000503C23 /* AppDelegate.swift in Sources */,
				C7BDA1E52B85E99000503C23 /* SceneDelegate.swift in Sources */,
			);
			runOnlyForDeploymentPostprocessing = 0;
		};
		C7BDA1F12B85E99200503C23 /* Sources */ = {
			isa = PBXSourcesBuildPhase;
			buildActionMask = 2147483647;
			files = (
				C7BDA1FA2B85E99200503C23 /* video_playerTests.swift in Sources */,
			);
			runOnlyForDeploymentPostprocessing = 0;
		};
		C7BDA1FB2B85E99200503C23 /* Sources */ = {
			isa = PBXSourcesBuildPhase;
			buildActionMask = 2147483647;
			files = (
				C7BDA2042B85E99200503C23 /* video_playerUITests.swift in Sources */,
				C7BDA2062B85E99200503C23 /* video_playerUITestsLaunchTests.swift in Sources */,
			);
			runOnlyForDeploymentPostprocessing = 0;
		};
/* End PBXSourcesBuildPhase section */

/* Begin PBXTargetDependency section */
		C7BDA1F72B85E99200503C23 /* PBXTargetDependency */ = {
			isa = PBXTargetDependency;
			target = C7BDA1DE2B85E99000503C23 /* video_player */;
			targetProxy = C7BDA1F62B85E99200503C23 /* PBXContainerItemProxy */;
		};
		C7BDA2012B85E99200503C23 /* PBXTargetDependency */ = {
			isa = PBXTargetDependency;
			target = C7BDA1DE2B85E99000503C23 /* video_player */;
			targetProxy = C7BDA2002B85E99200503C23 /* PBXContainerItemProxy */;
		};
/* End PBXTargetDependency section */

/* Begin PBXVariantGroup section */
		C7BDA1E82B85E99000503C23 /* Main.storyboard */ = {
			isa = PBXVariantGroup;
			children = (
				C7BDA1E92B85E99000503C23 /* Base */,
			);
			name = Main.storyboard;
			sourceTree = "<group>";
		};
		C7BDA1ED2B85E99200503C23 /* LaunchScreen.storyboard */ = {
			isa = PBXVariantGroup;
			children = (
				C7BDA1EE2B85E99200503C23 /* Base */,
			);
			name = LaunchScreen.storyboard;
			sourceTree = "<group>";
		};
/* End PBXVariantGroup section */

/* Begin XCBuildConfiguration section */
		C7BDA2072B85E99200503C23 /* Debug */ = {
			isa = XCBuildConfiguration;
			buildSettings = {
				ALWAYS_SEARCH_USER_PATHS = NO;
				ASSETCATALOG_COMPILER_GENERATE_SWIFT_ASSET_SYMBOL_EXTENSIONS = YES;
				CLANG_ANALYZER_NONNULL = YES;
				CLANG_ANALYZER_NUMBER_OBJECT_CONVERSION = YES_AGGRESSIVE;
				CLANG_CXX_LANGUAGE_STANDARD = "gnu++20";
				CLANG_ENABLE_MODULES = YES;
				CLANG_ENABLE_OBJC_ARC = YES;
				CLANG_ENABLE_OBJC_WEAK = YES;
				CLANG_WARN_BLOCK_CAPTURE_AUTORELEASING = YES;
				CLANG_WARN_BOOL_CONVERSION = YES;
				CLANG_WARN_COMMA = YES;
				CLANG_WARN_CONSTANT_CONVERSION = YES;
				CLANG_WARN_DEPRECATED_OBJC_IMPLEMENTATIONS = YES;
				CLANG_WARN_DIRECT_OBJC_ISA_USAGE = YES_ERROR;
				CLANG_WARN_DOCUMENTATION_COMMENTS = YES;
				CLANG_WARN_EMPTY_BODY = YES;
				CLANG_WARN_ENUM_CONVERSION = YES;
				CLANG_WARN_INFINITE_RECURSION = YES;
				CLANG_WARN_INT_CONVERSION = YES;
				CLANG_WARN_NON_LITERAL_NULL_CONVERSION = YES;
				CLANG_WARN_OBJC_IMPLICIT_RETAIN_SELF = YES;
				CLANG_WARN_OBJC_LITERAL_CONVERSION = YES;
				CLANG_WARN_OBJC_ROOT_CLASS = YES_ERROR;
				CLANG_WARN_QUOTED_INCLUDE_IN_FRAMEWORK_HEADER = YES;
				CLANG_WARN_RANGE_LOOP_ANALYSIS = YES;
				CLANG_WARN_STRICT_PROTOTYPES = YES;
				CLANG_WARN_SUSPICIOUS_MOVE = YES;
				CLANG_WARN_UNGUARDED_AVAILABILITY = YES_AGGRESSIVE;
				CLANG_WARN_UNREACHABLE_CODE = YES;
				CLANG_WARN__DUPLICATE_METHOD_MATCH = YES;
				COPY_PHASE_STRIP = NO;
				DEBUG_INFORMATION_FORMAT = dwarf;
				ENABLE_STRICT_OBJC_MSGSEND = YES;
				ENABLE_TESTABILITY = YES;
				ENABLE_USER_SCRIPT_SANDBOXING = YES;
				GCC_C_LANGUAGE_STANDARD = gnu17;
				GCC_DYNAMIC_NO_PIC = NO;
				GCC_NO_COMMON_BLOCKS = YES;
				GCC_OPTIMIZATION_LEVEL = 0;
				GCC_PREPROCESSOR_DEFINITIONS = (
					"DEBUG=1",
					"$(inherited)",
				);
				GCC_WARN_64_TO_32_BIT_CONVERSION = YES;
				GCC_WARN_ABOUT_RETURN_TYPE = YES_ERROR;
				GCC_WARN_UNDECLARED_SELECTOR = YES;
				GCC_WARN_UNINITIALIZED_AUTOS = YES_AGGRESSIVE;
				GCC_WARN_UNUSED_FUNCTION = YES;
				GCC_WARN_UNUSED_VARIABLE = YES;
				IPHONEOS_DEPLOYMENT_TARGET = 17.2;
				LOCALIZATION_PREFERS_STRING_CATALOGS = YES;
				MTL_ENABLE_DEBUG_INFO = INCLUDE_SOURCE;
				MTL_FAST_MATH = YES;
				ONLY_ACTIVE_ARCH = YES;
				SDKROOT = iphoneos;
				SWIFT_ACTIVE_COMPILATION_CONDITIONS = "DEBUG $(inherited)";
				SWIFT_OPTIMIZATION_LEVEL = "-Onone";
			};
			name = Debug;
		};
		C7BDA2082B85E99200503C23 /* Release */ = {
			isa = XCBuildConfiguration;
			buildSettings = {
				ALWAYS_SEARCH_USER_PATHS = NO;
				ASSETCATALOG_COMPILER_GENERATE_SWIFT_ASSET_SYMBOL_EXTENSIONS = YES;
				CLANG_ANALYZER_NONNULL = YES;
				CLANG_ANALYZER_NUMBER_OBJECT_CONVERSION = YES_AGGRESSIVE;
				CLANG_CXX_LANGUAGE_STANDARD = "gnu++20";
				CLANG_ENABLE_MODULES = YES;
				CLANG_ENABLE_OBJC_ARC = YES;
				CLANG_ENABLE_OBJC_WEAK = YES;
				CLANG_WARN_BLOCK_CAPTURE_AUTORELEASING = YES;
				CLANG_WARN_BOOL_CONVERSION = YES;
				CLANG_WARN_COMMA = YES;
				CLANG_WARN_CONSTANT_CONVERSION = YES;
				CLANG_WARN_DEPRECATED_OBJC_IMPLEMENTATIONS = YES;
				CLANG_WARN_DIRECT_OBJC_ISA_USAGE = YES_ERROR;
				CLANG_WARN_DOCUMENTATION_COMMENTS = YES;
				CLANG_WARN_EMPTY_BODY = YES;
				CLANG_WARN_ENUM_CONVERSION = YES;
				CLANG_WARN_INFINITE_RECURSION = YES;
				CLANG_WARN_INT_CONVERSION = YES;
				CLANG_WARN_NON_LITERAL_NULL_CONVERSION = YES;
				CLANG_WARN_OBJC_IMPLICIT_RETAIN_SELF = YES;
				CLANG_WARN_OBJC_LITERAL_CONVERSION = YES;
				CLANG_WARN_OBJC_ROOT_CLASS = YES_ERROR;
				CLANG_WARN_QUOTED_INCLUDE_IN_FRAMEWORK_HEADER = YES;
				CLANG_WARN_RANGE_LOOP_ANALYSIS = YES;
				CLANG_WARN_STRICT_PROTOTYPES = YES;
				CLANG_WARN_SUSPICIOUS_MOVE = YES;
				CLANG_WARN_UNGUARDED_AVAILABILITY = YES_AGGRESSIVE;
				CLANG_WARN_UNREACHABLE_CODE = YES;
				CLANG_WARN__DUPLICATE_METHOD_MATCH = YES;
				COPY_PHASE_STRIP = NO;
				DEBUG_INFORMATION_FORMAT = "dwarf-with-dsym";
				ENABLE_NS_ASSERTIONS = NO;
				ENABLE_STRICT_OBJC_MSGSEND = YES;
				ENABLE_USER_SCRIPT_SANDBOXING = YES;
				GCC_C_LANGUAGE_STANDARD = gnu17;
				GCC_NO_COMMON_BLOCKS = YES;
				GCC_WARN_64_TO_32_BIT_CONVERSION = YES;
				GCC_WARN_ABOUT_RETURN_TYPE = YES_ERROR;
				GCC_WARN_UNDECLARED_SELECTOR = YES;
				GCC_WARN_UNINITIALIZED_AUTOS = YES_AGGRESSIVE;
				GCC_WARN_UNUSED_FUNCTION = YES;
				GCC_WARN_UNUSED_VARIABLE = YES;
				IPHONEOS_DEPLOYMENT_TARGET = 17.2;
				LOCALIZATION_PREFERS_STRING_CATALOGS = YES;
				MTL_ENABLE_DEBUG_INFO = NO;
				MTL_FAST_MATH = YES;
				SDKROOT = iphoneos;
				SWIFT_COMPILATION_MODE = wholemodule;
				VALIDATE_PRODUCT = YES;
			};
			name = Release;
		};
		C7BDA20A2B85E99200503C23 /* Debug */ = {
			isa = XCBuildConfiguration;
			buildSettings = {
				ASSETCATALOG_COMPILER_APPICON_NAME = AppIcon;
				ASSETCATALOG_COMPILER_GLOBAL_ACCENT_COLOR_NAME = AccentColor;
				CODE_SIGN_STYLE = Automatic;
				CURRENT_PROJECT_VERSION = 1;
				GENERATE_INFOPLIST_FILE = YES;
				INFOPLIST_FILE = video_player/Info.plist;
				INFOPLIST_KEY_UIApplicationSupportsIndirectInputEvents = YES;
				INFOPLIST_KEY_UILaunchStoryboardName = LaunchScreen;
				INFOPLIST_KEY_UIMainStoryboardFile = Main;
				INFOPLIST_KEY_UISupportedInterfaceOrientations_iPad = "UIInterfaceOrientationPortrait UIInterfaceOrientationPortraitUpsideDown UIInterfaceOrientationLandscapeLeft UIInterfaceOrientationLandscapeRight";
				INFOPLIST_KEY_UISupportedInterfaceOrientations_iPhone = "UIInterfaceOrientationPortrait UIInterfaceOrientationLandscapeLeft UIInterfaceOrientationLandscapeRight";
				LD_RUNPATH_SEARCH_PATHS = (
					"$(inherited)",
					"@executable_path/Frameworks",
				);
				MARKETING_VERSION = 1.0;
				PRODUCT_BUNDLE_IDENTIFIER = "xyz.victordera.video-player";
				PRODUCT_NAME = "$(TARGET_NAME)";
				SWIFT_EMIT_LOC_STRINGS = YES;
				SWIFT_VERSION = 5.0;
				TARGETED_DEVICE_FAMILY = "1,2";
			};
			name = Debug;
		};
		C7BDA20B2B85E99200503C23 /* Release */ = {
			isa = XCBuildConfiguration;
			buildSettings = {
				ASSETCATALOG_COMPILER_APPICON_NAME = AppIcon;
				ASSETCATALOG_COMPILER_GLOBAL_ACCENT_COLOR_NAME = AccentColor;
				CODE_SIGN_STYLE = Automatic;
				CURRENT_PROJECT_VERSION = 1;
				GENERATE_INFOPLIST_FILE = YES;
				INFOPLIST_FILE = video_player/Info.plist;
				INFOPLIST_KEY_UIApplicationSupportsIndirectInputEvents = YES;
				INFOPLIST_KEY_UILaunchStoryboardName = LaunchScreen;
				INFOPLIST_KEY_UIMainStoryboardFile = Main;
				INFOPLIST_KEY_UISupportedInterfaceOrientations_iPad = "UIInterfaceOrientationPortrait UIInterfaceOrientationPortraitUpsideDown UIInterfaceOrientationLandscapeLeft UIInterfaceOrientationLandscapeRight";
				INFOPLIST_KEY_UISupportedInterfaceOrientations_iPhone = "UIInterfaceOrientationPortrait UIInterfaceOrientationLandscapeLeft UIInterfaceOrientationLandscapeRight";
				LD_RUNPATH_SEARCH_PATHS = (
					"$(inherited)",
					"@executable_path/Frameworks",
				);
				MARKETING_VERSION = 1.0;
				PRODUCT_BUNDLE_IDENTIFIER = "xyz.victordera.video-player";
				PRODUCT_NAME = "$(TARGET_NAME)";
				SWIFT_EMIT_LOC_STRINGS = YES;
				SWIFT_VERSION = 5.0;
				TARGETED_DEVICE_FAMILY = "1,2";
			};
			name = Release;
		};
		C7BDA20D2B85E99200503C23 /* Debug */ = {
			isa = XCBuildConfiguration;
			buildSettings = {
				ALWAYS_EMBED_SWIFT_STANDARD_LIBRARIES = YES;
				BUNDLE_LOADER = "$(TEST_HOST)";
				CODE_SIGN_STYLE = Automatic;
				CURRENT_PROJECT_VERSION = 1;
				GENERATE_INFOPLIST_FILE = YES;
				IPHONEOS_DEPLOYMENT_TARGET = 17.2;
				MARKETING_VERSION = 1.0;
				PRODUCT_BUNDLE_IDENTIFIER = "xyz.victordera.video-playerTests";
				PRODUCT_NAME = "$(TARGET_NAME)";
				SWIFT_EMIT_LOC_STRINGS = NO;
				SWIFT_VERSION = 5.0;
				TARGETED_DEVICE_FAMILY = "1,2";
				TEST_HOST = "$(BUILT_PRODUCTS_DIR)/video_player.app/$(BUNDLE_EXECUTABLE_FOLDER_PATH)/video_player";
			};
			name = Debug;
		};
		C7BDA20E2B85E99200503C23 /* Release */ = {
			isa = XCBuildConfiguration;
			buildSettings = {
				ALWAYS_EMBED_SWIFT_STANDARD_LIBRARIES = YES;
				BUNDLE_LOADER = "$(TEST_HOST)";
				CODE_SIGN_STYLE = Automatic;
				CURRENT_PROJECT_VERSION = 1;
				GENERATE_INFOPLIST_FILE = YES;
				IPHONEOS_DEPLOYMENT_TARGET = 17.2;
				MARKETING_VERSION = 1.0;
				PRODUCT_BUNDLE_IDENTIFIER = "xyz.victordera.video-playerTests";
				PRODUCT_NAME = "$(TARGET_NAME)";
				SWIFT_EMIT_LOC_STRINGS = NO;
				SWIFT_VERSION = 5.0;
				TARGETED_DEVICE_FAMILY = "1,2";
				TEST_HOST = "$(BUILT_PRODUCTS_DIR)/video_player.app/$(BUNDLE_EXECUTABLE_FOLDER_PATH)/video_player";
			};
			name = Release;
		};
		C7BDA2102B85E99200503C23 /* Debug */ = {
			isa = XCBuildConfiguration;
			buildSettings = {
				ALWAYS_EMBED_SWIFT_STANDARD_LIBRARIES = YES;
				CODE_SIGN_STYLE = Automatic;
				CURRENT_PROJECT_VERSION = 1;
				GENERATE_INFOPLIST_FILE = YES;
				MARKETING_VERSION = 1.0;
				PRODUCT_BUNDLE_IDENTIFIER = "xyz.victordera.video-playerUITests";
				PRODUCT_NAME = "$(TARGET_NAME)";
				SWIFT_EMIT_LOC_STRINGS = NO;
				SWIFT_VERSION = 5.0;
				TARGETED_DEVICE_FAMILY = "1,2";
				TEST_TARGET_NAME = video_player;
			};
			name = Debug;
		};
		C7BDA2112B85E99200503C23 /* Release */ = {
			isa = XCBuildConfiguration;
			buildSettings = {
				ALWAYS_EMBED_SWIFT_STANDARD_LIBRARIES = YES;
				CODE_SIGN_STYLE = Automatic;
				CURRENT_PROJECT_VERSION = 1;
				GENERATE_INFOPLIST_FILE = YES;
				MARKETING_VERSION = 1.0;
				PRODUCT_BUNDLE_IDENTIFIER = "xyz.victordera.video-playerUITests";
				PRODUCT_NAME = "$(TARGET_NAME)";
				SWIFT_EMIT_LOC_STRINGS = NO;
				SWIFT_VERSION = 5.0;
				TARGETED_DEVICE_FAMILY = "1,2";
				TEST_TARGET_NAME = video_player;
			};
			name = Release;
		};
/* End XCBuildConfiguration section */

/* Begin XCConfigurationList section */
		C7BDA1DA2B85E99000503C23 /* Build configuration list for PBXProject "video_player" */ = {
			isa = XCConfigurationList;
			buildConfigurations = (
				C7BDA2072B85E99200503C23 /* Debug */,
				C7BDA2082B85E99200503C23 /* Release */,
			);
			defaultConfigurationIsVisible = 0;
			defaultConfigurationName = Release;
		};
		C7BDA2092B85E99200503C23 /* Build configuration list for PBXNativeTarget "video_player" */ = {
			isa = XCConfigurationList;
			buildConfigurations = (
				C7BDA20A2B85E99200503C23 /* Debug */,
				C7BDA20B2B85E99200503C23 /* Release */,
			);
			defaultConfigurationIsVisible = 0;
			defaultConfigurationName = Release;
		};
		C7BDA20C2B85E99200503C23 /* Build configuration list for PBXNativeTarget "video_playerTests" */ = {
			isa = XCConfigurationList;
			buildConfigurations = (
				C7BDA20D2B85E99200503C23 /* Debug */,
				C7BDA20E2B85E99200503C23 /* Release */,
			);
			defaultConfigurationIsVisible = 0;
			defaultConfigurationName = Release;
		};
		C7BDA20F2B85E99200503C23 /* Build configuration list for PBXNativeTarget "video_playerUITests" */ = {
			isa = XCConfigurationList;
			buildConfigurations = (
				C7BDA2102B85E99200503C23 /* Debug */,
				C7BDA2112B85E99200503C23 /* Release */,
			);
			defaultConfigurationIsVisible = 0;
			defaultConfigurationName = Release;
		};
/* End XCConfigurationList section */
	};
	rootObject = C7BDA1D72B85E99000503C23 /* Project object */;
}
